
Microsoft Visual Studio Solution File, Format Version 12.00
# Visual Studio Version 17
VisualStudioVersion = 17.3.32819.101
MinimumVisualStudioVersion = 10.0.40219.1
Project("{9A19103F-16F7-4668-BE54-9A1E7A4F7556}") = "dotnet-algorand-sdk", "dotnet-algorand-sdk\dotnet-algorand-sdk.csproj", "{28B73287-C2FF-4788-AAA5-0C0146FF98D4}"
EndProject
Project("{9A19103F-16F7-4668-BE54-9A1E7A4F7556}") = "sdk-examples", "sdk-examples\sdk-examples.csproj", "{975A2D0B-C93D-4740-BE14-4EACC45A5452}"
EndProject
Project("{9A19103F-16F7-4668-BE54-9A1E7A4F7556}") = "test", "test\test.csproj", "{7F1BD378-E0F0-44F6-A015-13CEFCA4A4D1}"
EndProject
Project("{9A19103F-16F7-4668-BE54-9A1E7A4F7556}") = "serialisation-tests", "SerialisationTests\serialisation-tests.csproj", "{DB043B6D-CAB0-4472-9B2A-BA16EA320DF5}"
EndProject
Project("{9A19103F-16F7-4668-BE54-9A1E7A4F7556}") = "algorand_tests", "specflow\algorand_tests.csproj", "{DFB98A1C-E588-403D-B00F-EA6C37561017}"
EndProject
Global
	GlobalSection(SolutionConfigurationPlatforms) = preSolution
		AccountExample|Any CPU = AccountExample|Any CPU
		AssetExample|Any CPU = AssetExample|Any CPU
		AtomicTransferExample|Any CPU = AtomicTransferExample|Any CPU
		BasicExample|Any CPU = BasicExample|Any CPU
		CompileTeal|Any CPU = CompileTeal|Any CPU
		Debug|Any CPU = Debug|Any CPU
		DryrunDebuggingExample|Any CPU = DryrunDebuggingExample|Any CPU
		IndexerExample|Any CPU = IndexerExample|Any CPU
		Integration_Test_Debug|Any CPU = Integration_Test_Debug|Any CPU
		KMDExample|Any CPU = KMDExample|Any CPU
		LogicSignatureContractAccountExample|Any CPU = LogicSignatureContractAccountExample|Any CPU
		LogicSignatureExample|Any CPU = LogicSignatureExample|Any CPU
		MultisigExample|Any CPU = MultisigExample|Any CPU
		RekeyExample|Any CPU = RekeyExample|Any CPU
		Release|Any CPU = Release|Any CPU
		SimpleBoxExample|Any CPU = SimpleBoxExample|Any CPU
		StatefulContractExample|Any CPU = StatefulContractExample|Any CPU
		Test_Debug|Any CPU = Test_Debug|Any CPU
		Unity_debug|Any CPU = Unity_debug|Any CPU
		Unity|Any CPU = Unity|Any CPU
	EndGlobalSection
	GlobalSection(ProjectConfigurationPlatforms) = postSolution
		{28B73287-C2FF-4788-AAA5-0C0146FF98D4}.AccountExample|Any CPU.ActiveCfg = Debug|Any CPU
		{28B73287-C2FF-4788-AAA5-0C0146FF98D4}.AccountExample|Any CPU.Build.0 = Debug|Any CPU
		{28B73287-C2FF-4788-AAA5-0C0146FF98D4}.AssetExample|Any CPU.ActiveCfg = Debug|Any CPU
		{28B73287-C2FF-4788-AAA5-0C0146FF98D4}.AssetExample|Any CPU.Build.0 = Debug|Any CPU
		{28B73287-C2FF-4788-AAA5-0C0146FF98D4}.AtomicTransferExample|Any CPU.ActiveCfg = Debug|Any CPU
		{28B73287-C2FF-4788-AAA5-0C0146FF98D4}.AtomicTransferExample|Any CPU.Build.0 = Debug|Any CPU
		{28B73287-C2FF-4788-AAA5-0C0146FF98D4}.BasicExample|Any CPU.ActiveCfg = Debug|Any CPU
		{28B73287-C2FF-4788-AAA5-0C0146FF98D4}.BasicExample|Any CPU.Build.0 = Debug|Any CPU
		{28B73287-C2FF-4788-AAA5-0C0146FF98D4}.CompileTeal|Any CPU.ActiveCfg = Debug|Any CPU
		{28B73287-C2FF-4788-AAA5-0C0146FF98D4}.CompileTeal|Any CPU.Build.0 = Debug|Any CPU
		{28B73287-C2FF-4788-AAA5-0C0146FF98D4}.Debug|Any CPU.ActiveCfg = Debug|Any CPU
		{28B73287-C2FF-4788-AAA5-0C0146FF98D4}.Debug|Any CPU.Build.0 = Debug|Any CPU
		{28B73287-C2FF-4788-AAA5-0C0146FF98D4}.DryrunDebuggingExample|Any CPU.ActiveCfg = Debug|Any CPU
		{28B73287-C2FF-4788-AAA5-0C0146FF98D4}.DryrunDebuggingExample|Any CPU.Build.0 = Debug|Any CPU
		{28B73287-C2FF-4788-AAA5-0C0146FF98D4}.IndexerExample|Any CPU.ActiveCfg = Debug|Any CPU
		{28B73287-C2FF-4788-AAA5-0C0146FF98D4}.IndexerExample|Any CPU.Build.0 = Debug|Any CPU
		{28B73287-C2FF-4788-AAA5-0C0146FF98D4}.Integration_Test_Debug|Any CPU.ActiveCfg = Debug|Any CPU
		{28B73287-C2FF-4788-AAA5-0C0146FF98D4}.Integration_Test_Debug|Any CPU.Build.0 = Debug|Any CPU
		{28B73287-C2FF-4788-AAA5-0C0146FF98D4}.KMDExample|Any CPU.ActiveCfg = Debug|Any CPU
		{28B73287-C2FF-4788-AAA5-0C0146FF98D4}.KMDExample|Any CPU.Build.0 = Debug|Any CPU
		{28B73287-C2FF-4788-AAA5-0C0146FF98D4}.LogicSignatureContractAccountExample|Any CPU.ActiveCfg = Debug|Any CPU
		{28B73287-C2FF-4788-AAA5-0C0146FF98D4}.LogicSignatureContractAccountExample|Any CPU.Build.0 = Debug|Any CPU
		{28B73287-C2FF-4788-AAA5-0C0146FF98D4}.LogicSignatureExample|Any CPU.ActiveCfg = Debug|Any CPU
		{28B73287-C2FF-4788-AAA5-0C0146FF98D4}.LogicSignatureExample|Any CPU.Build.0 = Debug|Any CPU
		{28B73287-C2FF-4788-AAA5-0C0146FF98D4}.MultisigExample|Any CPU.ActiveCfg = Debug|Any CPU
		{28B73287-C2FF-4788-AAA5-0C0146FF98D4}.MultisigExample|Any CPU.Build.0 = Debug|Any CPU
		{28B73287-C2FF-4788-AAA5-0C0146FF98D4}.RekeyExample|Any CPU.ActiveCfg = Debug|Any CPU
		{28B73287-C2FF-4788-AAA5-0C0146FF98D4}.RekeyExample|Any CPU.Build.0 = Debug|Any CPU
		{28B73287-C2FF-4788-AAA5-0C0146FF98D4}.Release|Any CPU.ActiveCfg = Release|Any CPU
		{28B73287-C2FF-4788-AAA5-0C0146FF98D4}.Release|Any CPU.Build.0 = Release|Any CPU
		{28B73287-C2FF-4788-AAA5-0C0146FF98D4}.SimpleBoxExample|Any CPU.ActiveCfg = Debug|Any CPU
		{28B73287-C2FF-4788-AAA5-0C0146FF98D4}.SimpleBoxExample|Any CPU.Build.0 = Debug|Any CPU
		{28B73287-C2FF-4788-AAA5-0C0146FF98D4}.StatefulContractExample|Any CPU.ActiveCfg = Debug|Any CPU
		{28B73287-C2FF-4788-AAA5-0C0146FF98D4}.StatefulContractExample|Any CPU.Build.0 = Debug|Any CPU
		{28B73287-C2FF-4788-AAA5-0C0146FF98D4}.Test_Debug|Any CPU.ActiveCfg = Test_Debug|Any CPU
		{28B73287-C2FF-4788-AAA5-0C0146FF98D4}.Test_Debug|Any CPU.Build.0 = Test_Debug|Any CPU
		{28B73287-C2FF-4788-AAA5-0C0146FF98D4}.Unity_debug|Any CPU.ActiveCfg = Unity_debug|Any CPU
		{28B73287-C2FF-4788-AAA5-0C0146FF98D4}.Unity_debug|Any CPU.Build.0 = Unity_debug|Any CPU
		{28B73287-C2FF-4788-AAA5-0C0146FF98D4}.Unity|Any CPU.ActiveCfg = Unity|Any CPU
		{28B73287-C2FF-4788-AAA5-0C0146FF98D4}.Unity|Any CPU.Build.0 = Unity|Any CPU
		{975A2D0B-C93D-4740-BE14-4EACC45A5452}.AccountExample|Any CPU.ActiveCfg = AccountExample|Any CPU
		{975A2D0B-C93D-4740-BE14-4EACC45A5452}.AccountExample|Any CPU.Build.0 = AccountExample|Any CPU
		{975A2D0B-C93D-4740-BE14-4EACC45A5452}.AssetExample|Any CPU.ActiveCfg = AssetExample|Any CPU
		{975A2D0B-C93D-4740-BE14-4EACC45A5452}.AssetExample|Any CPU.Build.0 = AssetExample|Any CPU
		{975A2D0B-C93D-4740-BE14-4EACC45A5452}.AtomicTransferExample|Any CPU.ActiveCfg = AtomicTransferExample|Any CPU
		{975A2D0B-C93D-4740-BE14-4EACC45A5452}.AtomicTransferExample|Any CPU.Build.0 = AtomicTransferExample|Any CPU
		{975A2D0B-C93D-4740-BE14-4EACC45A5452}.BasicExample|Any CPU.ActiveCfg = BasicExample|Any CPU
		{975A2D0B-C93D-4740-BE14-4EACC45A5452}.BasicExample|Any CPU.Build.0 = BasicExample|Any CPU
		{975A2D0B-C93D-4740-BE14-4EACC45A5452}.CompileTeal|Any CPU.ActiveCfg = CompileTeal|Any CPU
		{975A2D0B-C93D-4740-BE14-4EACC45A5452}.CompileTeal|Any CPU.Build.0 = CompileTeal|Any CPU
		{975A2D0B-C93D-4740-BE14-4EACC45A5452}.DryrunDebuggingExample|Any CPU.ActiveCfg = DryrunDebuggingExample|Any CPU
		{975A2D0B-C93D-4740-BE14-4EACC45A5452}.DryrunDebuggingExample|Any CPU.Build.0 = DryrunDebuggingExample|Any CPU
		{975A2D0B-C93D-4740-BE14-4EACC45A5452}.IndexerExample|Any CPU.ActiveCfg = IndexerExample|Any CPU
		{975A2D0B-C93D-4740-BE14-4EACC45A5452}.IndexerExample|Any CPU.Build.0 = IndexerExample|Any CPU
		{975A2D0B-C93D-4740-BE14-4EACC45A5452}.Integration_Test_Debug|Any CPU.ActiveCfg = IndexerExample|Any CPU
		{975A2D0B-C93D-4740-BE14-4EACC45A5452}.Integration_Test_Debug|Any CPU.Build.0 = IndexerExample|Any CPU
		{975A2D0B-C93D-4740-BE14-4EACC45A5452}.KMDExample|Any CPU.ActiveCfg = KMDExample|Any CPU
		{975A2D0B-C93D-4740-BE14-4EACC45A5452}.KMDExample|Any CPU.Build.0 = KMDExample|Any CPU
		{975A2D0B-C93D-4740-BE14-4EACC45A5452}.LogicSignatureContractAccountExample|Any CPU.ActiveCfg = LogicSignatureContractAccountExample|Any CPU
		{975A2D0B-C93D-4740-BE14-4EACC45A5452}.LogicSignatureContractAccountExample|Any CPU.Build.0 = LogicSignatureContractAccountExample|Any CPU
		{975A2D0B-C93D-4740-BE14-4EACC45A5452}.LogicSignatureExample|Any CPU.ActiveCfg = LogicSignatureExample|Any CPU
		{975A2D0B-C93D-4740-BE14-4EACC45A5452}.LogicSignatureExample|Any CPU.Build.0 = LogicSignatureExample|Any CPU
		{975A2D0B-C93D-4740-BE14-4EACC45A5452}.MultisigExample|Any CPU.ActiveCfg = MultisigExample|Any CPU
		{975A2D0B-C93D-4740-BE14-4EACC45A5452}.MultisigExample|Any CPU.Build.0 = MultisigExample|Any CPU
		{975A2D0B-C93D-4740-BE14-4EACC45A5452}.RekeyExample|Any CPU.ActiveCfg = RekeyExample|Any CPU
		{975A2D0B-C93D-4740-BE14-4EACC45A5452}.RekeyExample|Any CPU.Build.0 = RekeyExample|Any CPU
		{975A2D0B-C93D-4740-BE14-4EACC45A5452}.SimpleBoxExample|Any CPU.ActiveCfg = SimpleBoxExample|Any CPU
		{975A2D0B-C93D-4740-BE14-4EACC45A5452}.SimpleBoxExample|Any CPU.Build.0 = SimpleBoxExample|Any CPU
		{975A2D0B-C93D-4740-BE14-4EACC45A5452}.StatefulContractExample|Any CPU.ActiveCfg = StatefulContractExample|Any CPU
		{975A2D0B-C93D-4740-BE14-4EACC45A5452}.StatefulContractExample|Any CPU.Build.0 = StatefulContractExample|Any CPU
		{7F1BD378-E0F0-44F6-A015-13CEFCA4A4D1}.Debug|Any CPU.ActiveCfg = Debug|Any CPU
		{7F1BD378-E0F0-44F6-A015-13CEFCA4A4D1}.Debug|Any CPU.Build.0 = Debug|Any CPU
		{7F1BD378-E0F0-44F6-A015-13CEFCA4A4D1}.Release|Any CPU.ActiveCfg = Release|Any CPU
		{7F1BD378-E0F0-44F6-A015-13CEFCA4A4D1}.Release|Any CPU.Build.0 = Release|Any CPU
		{7F1BD378-E0F0-44F6-A015-13CEFCA4A4D1}.Test_Debug|Any CPU.ActiveCfg = Test_Debug|Any CPU
		{7F1BD378-E0F0-44F6-A015-13CEFCA4A4D1}.Unity_debug|Any CPU.ActiveCfg = Unity_debug|Any CPU
		{7F1BD378-E0F0-44F6-A015-13CEFCA4A4D1}.Unity_debug|Any CPU.Build.0 = Unity_debug|Any CPU
		{7F1BD378-E0F0-44F6-A015-13CEFCA4A4D1}.Unity|Any CPU.ActiveCfg = Unity|Any CPU
		{7F1BD378-E0F0-44F6-A015-13CEFCA4A4D1}.Unity|Any CPU.Build.0 = Unity|Any CPU
		{DB043B6D-CAB0-4472-9B2A-BA16EA320DF5}.Debug|Any CPU.ActiveCfg = Debug|Any CPU
		{DB043B6D-CAB0-4472-9B2A-BA16EA320DF5}.Debug|Any CPU.Build.0 = Debug|Any CPU
		{DB043B6D-CAB0-4472-9B2A-BA16EA320DF5}.Release|Any CPU.ActiveCfg = Release|Any CPU
		{DB043B6D-CAB0-4472-9B2A-BA16EA320DF5}.Release|Any CPU.Build.0 = Release|Any CPU
		{DB043B6D-CAB0-4472-9B2A-BA16EA320DF5}.Test_Debug|Any CPU.ActiveCfg = Test_Debug|Any CPU
		{DB043B6D-CAB0-4472-9B2A-BA16EA320DF5}.Test_Debug|Any CPU.Build.0 = Test_Debug|Any CPU
		{DB043B6D-CAB0-4472-9B2A-BA16EA320DF5}.Unity_debug|Any CPU.ActiveCfg = Unity_debug|Any CPU
		{DB043B6D-CAB0-4472-9B2A-BA16EA320DF5}.Unity_debug|Any CPU.Build.0 = Unity_debug|Any CPU
		{DB043B6D-CAB0-4472-9B2A-BA16EA320DF5}.Unity|Any CPU.ActiveCfg = Unity|Any CPU
		{DB043B6D-CAB0-4472-9B2A-BA16EA320DF5}.Unity|Any CPU.Build.0 = Unity|Any CPU
		{DFB98A1C-E588-403D-B00F-EA6C37561017}.Debug|Any CPU.ActiveCfg = Debug|Any CPU
		{DFB98A1C-E588-403D-B00F-EA6C37561017}.Debug|Any CPU.Build.0 = Debug|Any CPU
		{DFB98A1C-E588-403D-B00F-EA6C37561017}.Release|Any CPU.ActiveCfg = Release|Any CPU
		{DFB98A1C-E588-403D-B00F-EA6C37561017}.Release|Any CPU.Build.0 = Release|Any CPU
		{DFB98A1C-E588-403D-B00F-EA6C37561017}.Test_Debug|Any CPU.ActiveCfg = Test_Debug|Any CPU
		{DFB98A1C-E588-403D-B00F-EA6C37561017}.Test_Debug|Any CPU.Build.0 = Test_Debug|Any CPU
		{DFB98A1C-E588-403D-B00F-EA6C37561017}.Unity_debug|Any CPU.ActiveCfg = Unity_debug|Any CPU
		{DFB98A1C-E588-403D-B00F-EA6C37561017}.Unity_debug|Any CPU.Build.0 = Unity_debug|Any CPU
		{DFB98A1C-E588-403D-B00F-EA6C37561017}.Unity|Any CPU.ActiveCfg = Unity|Any CPU
		{DFB98A1C-E588-403D-B00F-EA6C37561017}.Unity|Any CPU.Build.0 = Unity|Any CPU
	EndGlobalSection
	GlobalSection(SolutionProperties) = preSolution
		HideSolutionNode = FALSE
	EndGlobalSection
	GlobalSection(ExtensibilityGlobals) = postSolution
		SolutionGuid = {F2E7E468-F790-4E7E-A82C-602C35631896}
	EndGlobalSection
EndGlobal
